version = 1
requires-python = ">=3.13"

[[package]]
name = "attrs"
version = "25.1.0"
source = { registry = "https://pypi.org/simple" }
sdist = { url = "https://files.pythonhosted.org/packages/49/7c/fdf464bcc51d23881d110abd74b512a42b3d5d376a55a831b44c603ae17f/attrs-25.1.0.tar.gz", hash = "sha256:1c97078a80c814273a76b2a298a932eb681c87415c11dee0a6921de7f1b02c3e", size = 810562 }
wheels = [
    { url = "https://files.pythonhosted.org/packages/fc/30/d4986a882011f9df997a55e6becd864812ccfcd821d64aac8570ee39f719/attrs-25.1.0-py3-none-any.whl", hash = "sha256:c75a69e28a550a7e93789579c22aa26b0f5b83b75dc4e08fe092980051e1090a", size = 63152 },
]

[[package]]
name = "automatizacion-sri-facturas"
version = "0.2.0"
source = { virtual = "." }
dependencies = [
    { name = "selenium" },
]

[package.dev-dependencies]
dev = [
    { name = "ruff" },
]

[package.metadata]
requires-dist = [{ name = "selenium", specifier = ">=4.29.0" }]

[package.metadata.requires-dev]
dev = [{ name = "ruff", specifier = ">=0.9.9" }]

[[package]]
name = "certifi"
version = "2025.1.31"
source = { registry = "https://pypi.org/simple" }
sdist = { url = "https://files.pythonhosted.org/packages/1c/ab/c9f1e32b7b1bf505bf26f0ef697775960db7932abeb7b516de930ba2705f/certifi-2025.1.31.tar.gz", hash = "sha256:3d5da6925056f6f18f119200434a4780a94263f10d1c21d032a6f6b2baa20651", size = 167577 }
wheels = [
    { url = "https://files.pythonhosted.org/packages/38/fc/bce832fd4fd99766c04d1ee0eead6b0ec6486fb100ae5e74c1d91292b982/certifi-2025.1.31-py3-none-any.whl", hash = "sha256:ca78db4565a652026a4db2bcdf68f2fb589ea80d0be70e03929ed730746b84fe", size = 166393 },
]

[[package]]
name = "cffi"
version = "1.17.1"
source = { registry = "https://pypi.org/simple" }
dependencies = [
    { name = "pycparser" },
]
sdist = { url = "https://files.pythonhosted.org/packages/fc/97/c783634659c2920c3fc70419e3af40972dbaf758daa229a7d6ea6135c90d/cffi-1.17.1.tar.gz", hash = "sha256:1c39c6016c32bc48dd54561950ebd6836e1670f2ae46128f67cf49e789c52824", size = 516621 }
wheels = [
    { url = "https://files.pythonhosted.org/packages/bf/ee/f94057fa6426481d663b88637a9a10e859e492c73d0384514a17d78ee205/cffi-1.17.1-cp313-cp313-win32.whl", hash = "sha256:e03eab0a8677fa80d646b5ddece1cbeaf556c313dcfac435ba11f107ba117b5d", size = 172475 },
    { url = "https://files.pythonhosted.org/packages/7c/fc/6a8cb64e5f0324877d503c854da15d76c1e50eb722e320b15345c4d0c6de/cffi-1.17.1-cp313-cp313-win_amd64.whl", hash = "sha256:f6a16c31041f09ead72d69f583767292f750d24913dadacf5756b966aacb3f1a", size = 182009 },
]

[[package]]
name = "h11"
version = "0.14.0"
source = { registry = "https://pypi.org/simple" }
sdist = { url = "https://files.pythonhosted.org/packages/f5/38/3af3d3633a34a3316095b39c8e8fb4853a28a536e55d347bd8d8e9a14b03/h11-0.14.0.tar.gz", hash = "sha256:8f19fbbe99e72420ff35c00b27a34cb9937e902a8b810e2c88300c6f0a3b699d", size = 100418 }
wheels = [
    { url = "https://files.pythonhosted.org/packages/95/04/ff642e65ad6b90db43e668d70ffb6736436c7ce41fcc549f4e9472234127/h11-0.14.0-py3-none-any.whl", hash = "sha256:e3fe4ac4b851c468cc8363d500db52c2ead036020723024a109d37346efaa761", size = 58259 },
]

[[package]]
name = "idna"
version = "3.10"
source = { registry = "https://pypi.org/simple" }
sdist = { url = "https://files.pythonhosted.org/packages/f1/70/7703c29685631f5a7590aa73f1f1d3fa9a380e654b86af429e0934a32f7d/idna-3.10.tar.gz", hash = "sha256:12f65c9b470abda6dc35cf8e63cc574b1c52b11df2c86030af0ac09b01b13ea9", size = 190490 }
wheels = [
    { url = "https://files.pythonhosted.org/packages/76/c6/c88e154df9c4e1a2a66ccf0005a88dfb2650c1dffb6f5ce603dfbd452ce3/idna-3.10-py3-none-any.whl", hash = "sha256:946d195a0d259cbba61165e88e65941f16e9b36ea6ddb97f00452bae8b1287d3", size = 70442 },
]

[[package]]
name = "outcome"
version = "1.3.0.post0"
source = { registry = "https://pypi.org/simple" }
dependencies = [
    { name = "attrs" },
]
sdist = { url = "https://files.pythonhosted.org/packages/98/df/77698abfac98571e65ffeb0c1fba8ffd692ab8458d617a0eed7d9a8d38f2/outcome-1.3.0.post0.tar.gz", hash = "sha256:9dcf02e65f2971b80047b377468e72a268e15c0af3cf1238e6ff14f7f91143b8", size = 21060 }
wheels = [
    { url = "https://files.pythonhosted.org/packages/55/8b/5ab7257531a5d830fc8000c476e63c935488d74609b50f9384a643ec0a62/outcome-1.3.0.post0-py2.py3-none-any.whl", hash = "sha256:e771c5ce06d1415e356078d3bdd68523f284b4ce5419828922b6871e65eda82b", size = 10692 },
]

[[package]]
name = "pycparser"
version = "2.22"
source = { registry = "https://pypi.org/simple" }
sdist = { url = "https://files.pythonhosted.org/packages/1d/b2/31537cf4b1ca988837256c910a668b553fceb8f069bedc4b1c826024b52c/pycparser-2.22.tar.gz", hash = "sha256:491c8be9c040f5390f5bf44a5b07752bd07f56edf992381b05c701439eec10f6", size = 172736 }
wheels = [
    { url = "https://files.pythonhosted.org/packages/13/a3/a812df4e2dd5696d1f351d58b8fe16a405b234ad2886a0dab9183fb78109/pycparser-2.22-py3-none-any.whl", hash = "sha256:c3702b6d3dd8c7abc1afa565d7e63d53a1d0bd86cdc24edd75470f4de499cfcc", size = 117552 },
]

[[package]]
name = "pysocks"
version = "1.7.1"
source = { registry = "https://pypi.org/simple" }
sdist = { url = "https://files.pythonhosted.org/packages/bd/11/293dd436aea955d45fc4e8a35b6ae7270f5b8e00b53cf6c024c83b657a11/PySocks-1.7.1.tar.gz", hash = "sha256:3f8804571ebe159c380ac6de37643bb4685970655d3bba243530d6558b799aa0", size = 284429 }
wheels = [
    { url = "https://files.pythonhosted.org/packages/8d/59/b4572118e098ac8e46e399a1dd0f2d85403ce8bbaad9ec79373ed6badaf9/PySocks-1.7.1-py3-none-any.whl", hash = "sha256:2725bd0a9925919b9b51739eea5f9e2bae91e83288108a9ad338b2e3a4435ee5", size = 16725 },
]

[[package]]
name = "ruff"
version = "0.9.9"
source = { registry = "https://pypi.org/simple" }
sdist = { url = "https://files.pythonhosted.org/packages/6f/c3/418441a8170e8d53d05c0b9dad69760dbc7b8a12c10dbe6db1e1205d2377/ruff-0.9.9.tar.gz", hash = "sha256:0062ed13f22173e85f8f7056f9a24016e692efeea8704d1a5e8011b8aa850933", size = 3717448 }
wheels = [
    { url = "https://files.pythonhosted.org/packages/bc/c3/2c4afa9ba467555d074b146d9aed0633a56ccdb900839fb008295d037b89/ruff-0.9.9-py3-none-linux_armv6l.whl", hash = "sha256:628abb5ea10345e53dff55b167595a159d3e174d6720bf19761f5e467e68d367", size = 10027252 },
    { url = "https://files.pythonhosted.org/packages/33/d1/439e58487cf9eac26378332e25e7d5ade4b800ce1eec7dc2cfc9b0d7ca96/ruff-0.9.9-py3-none-macosx_10_12_x86_64.whl", hash = "sha256:b6cd1428e834b35d7493354723543b28cc11dc14d1ce19b685f6e68e07c05ec7", size = 10840721 },
    { url = "https://files.pythonhosted.org/packages/50/44/fead822c38281ba0122f1b76b460488a175a9bd48b130650a6fb6dbcbcf9/ruff-0.9.9-py3-none-macosx_11_0_arm64.whl", hash = "sha256:5ee162652869120ad260670706f3cd36cd3f32b0c651f02b6da142652c54941d", size = 10161439 },
    { url = "https://files.pythonhosted.org/packages/11/ae/d404a2ab8e61ddf6342e09cc6b7f7846cce6b243e45c2007dbe0ca928a5d/ruff-0.9.9-py3-none-manylinux_2_17_aarch64.manylinux2014_aarch64.whl", hash = "sha256:3aa0f6b75082c9be1ec5a1db78c6d4b02e2375c3068438241dc19c7c306cc61a", size = 10336264 },
    { url = "https://files.pythonhosted.org/packages/6a/4e/7c268aa7d84cd709fb6f046b8972313142cffb40dfff1d2515c5e6288d54/ruff-0.9.9-py3-none-manylinux_2_17_armv7l.manylinux2014_armv7l.whl", hash = "sha256:584cc66e89fb5f80f84b05133dd677a17cdd86901d6479712c96597a3f28e7fe", size = 9908774 },
    { url = "https://files.pythonhosted.org/packages/cc/26/c618a878367ef1b76270fd027ca93692657d3f6122b84ba48911ef5f2edc/ruff-0.9.9-py3-none-manylinux_2_17_i686.manylinux2014_i686.whl", hash = "sha256:abf3369325761a35aba75cd5c55ba1b5eb17d772f12ab168fbfac54be85cf18c", size = 11428127 },
    { url = "https://files.pythonhosted.org/packages/d7/9a/c5588a93d9bfed29f565baf193fe802fa676a0c837938137ea6cf0576d8c/ruff-0.9.9-py3-none-manylinux_2_17_ppc64.manylinux2014_ppc64.whl", hash = "sha256:3403a53a32a90ce929aa2f758542aca9234befa133e29f4933dcef28a24317be", size = 12133187 },
    { url = "https://files.pythonhosted.org/packages/3e/ff/e7980a7704a60905ed7e156a8d73f604c846d9bd87deda9cabfa6cba073a/ruff-0.9.9-py3-none-manylinux_2_17_ppc64le.manylinux2014_ppc64le.whl", hash = "sha256:18454e7fa4e4d72cffe28a37cf6a73cb2594f81ec9f4eca31a0aaa9ccdfb1590", size = 11602937 },
    { url = "https://files.pythonhosted.org/packages/24/78/3690444ad9e3cab5c11abe56554c35f005b51d1d118b429765249095269f/ruff-0.9.9-py3-none-manylinux_2_17_s390x.manylinux2014_s390x.whl", hash = "sha256:0fadfe2c88724c9617339f62319ed40dcdadadf2888d5afb88bf3adee7b35bfb", size = 13771698 },
    { url = "https://files.pythonhosted.org/packages/6e/bf/e477c2faf86abe3988e0b5fd22a7f3520e820b2ee335131aca2e16120038/ruff-0.9.9-py3-none-manylinux_2_17_x86_64.manylinux2014_x86_64.whl", hash = "sha256:6df104d08c442a1aabcfd254279b8cc1e2cbf41a605aa3e26610ba1ec4acf0b0", size = 11249026 },
    { url = "https://files.pythonhosted.org/packages/f7/82/cdaffd59e5a8cb5b14c408c73d7a555a577cf6645faaf83e52fe99521715/ruff-0.9.9-py3-none-musllinux_1_2_aarch64.whl", hash = "sha256:d7c62939daf5b2a15af48abbd23bea1efdd38c312d6e7c4cedf5a24e03207e17", size = 10220432 },
    { url = "https://files.pythonhosted.org/packages/fe/a4/2507d0026225efa5d4412b6e294dfe54725a78652a5c7e29e6bd0fc492f3/ruff-0.9.9-py3-none-musllinux_1_2_armv7l.whl", hash = "sha256:9494ba82a37a4b81b6a798076e4a3251c13243fc37967e998efe4cce58c8a8d1", size = 9874602 },
    { url = "https://files.pythonhosted.org/packages/d5/be/f3aab1813846b476c4bcffe052d232244979c3cd99d751c17afb530ca8e4/ruff-0.9.9-py3-none-musllinux_1_2_i686.whl", hash = "sha256:4efd7a96ed6d36ef011ae798bf794c5501a514be369296c672dab7921087fa57", size = 10851212 },
    { url = "https://files.pythonhosted.org/packages/8b/45/8e5fd559bea0d2f57c4e12bf197a2fade2fac465aa518284f157dfbca92b/ruff-0.9.9-py3-none-musllinux_1_2_x86_64.whl", hash = "sha256:ab90a7944c5a1296f3ecb08d1cbf8c2da34c7e68114b1271a431a3ad30cb660e", size = 11327490 },
    { url = "https://files.pythonhosted.org/packages/42/55/e6c90f13880aeef327746052907e7e930681f26a164fe130ddac28b08269/ruff-0.9.9-py3-none-win32.whl", hash = "sha256:6b4c376d929c25ecd6d87e182a230fa4377b8e5125a4ff52d506ee8c087153c1", size = 10227912 },
    { url = "https://files.pythonhosted.org/packages/35/b2/da925693cb82a1208aa34966c0f36cb222baca94e729dd22a587bc22d0f3/ruff-0.9.9-py3-none-win_amd64.whl", hash = "sha256:837982ea24091d4c1700ddb2f63b7070e5baec508e43b01de013dc7eff974ff1", size = 11355632 },
    { url = "https://files.pythonhosted.org/packages/31/d8/de873d1c1b020d668d8ec9855d390764cb90cf8f6486c0983da52be8b7b7/ruff-0.9.9-py3-none-win_arm64.whl", hash = "sha256:3ac78f127517209fe6d96ab00f3ba97cafe38718b23b1db3e96d8b2d39e37ddf", size = 10435860 },
]

[[package]]
name = "selenium"
version = "4.29.0"
source = { registry = "https://pypi.org/simple" }
dependencies = [
    { name = "certifi" },
    { name = "trio" },
    { name = "trio-websocket" },
    { name = "typing-extensions" },
    { name = "urllib3", extra = ["socks"] },
    { name = "websocket-client" },
]
sdist = { url = "https://files.pythonhosted.org/packages/1c/ab/09de87ef66a10a7d40417d4e93449eb892154d2dc6385187aa9298a2c09d/selenium-4.29.0.tar.gz", hash = "sha256:3a62f7ec33e669364a6c0562a701deb69745b569c50d55f1a912bf8eb33358ba", size = 985717 }
wheels = [
    { url = "https://files.pythonhosted.org/packages/2f/a6/fc66ea71ec0769f72abdf15cb9ec9269517abe68a160839383ddff7478f1/selenium-4.29.0-py3-none-any.whl", hash = "sha256:ce5d26f1ddc1111641113653af33694c13947dd36c2df09cdd33f554351d372e", size = 9536642 },
]

[[package]]
name = "sniffio"
version = "1.3.1"
source = { registry = "https://pypi.org/simple" }
sdist = { url = "https://files.pythonhosted.org/packages/a2/87/a6771e1546d97e7e041b6ae58d80074f81b7d5121207425c964ddf5cfdbd/sniffio-1.3.1.tar.gz", hash = "sha256:f4324edc670a0f49750a81b895f35c3adb843cca46f0530f79fc1babb23789dc", size = 20372 }
wheels = [
    { url = "https://files.pythonhosted.org/packages/e9/44/75a9c9421471a6c4805dbf2356f7c181a29c1879239abab1ea2cc8f38b40/sniffio-1.3.1-py3-none-any.whl", hash = "sha256:2f6da418d1f1e0fddd844478f41680e794e6051915791a034ff65e5f100525a2", size = 10235 },
]

[[package]]
name = "sortedcontainers"
version = "2.4.0"
source = { registry = "https://pypi.org/simple" }
sdist = { url = "https://files.pythonhosted.org/packages/e8/c4/ba2f8066cceb6f23394729afe52f3bf7adec04bf9ed2c820b39e19299111/sortedcontainers-2.4.0.tar.gz", hash = "sha256:25caa5a06cc30b6b83d11423433f65d1f9d76c4c6a0c90e3379eaa43b9bfdb88", size = 30594 }
wheels = [
    { url = "https://files.pythonhosted.org/packages/32/46/9cb0e58b2deb7f82b84065f37f3bffeb12413f947f9388e4cac22c4621ce/sortedcontainers-2.4.0-py2.py3-none-any.whl", hash = "sha256:a163dcaede0f1c021485e957a39245190e74249897e2ae4b2aa38595db237ee0", size = 29575 },
]

[[package]]
name = "trio"
version = "0.29.0"
source = { registry = "https://pypi.org/simple" }
dependencies = [
    { name = "attrs" },
    { name = "cffi", marker = "implementation_name != 'pypy' and os_name == 'nt'" },
    { name = "idna" },
    { name = "outcome" },
    { name = "sniffio" },
    { name = "sortedcontainers" },
]
sdist = { url = "https://files.pythonhosted.org/packages/a1/47/f62e62a1a6f37909aed0bf8f5d5411e06fa03846cfcb64540cd1180ccc9f/trio-0.29.0.tar.gz", hash = "sha256:ea0d3967159fc130acb6939a0be0e558e364fee26b5deeecc893a6b08c361bdf", size = 588952 }
wheels = [
    { url = "https://files.pythonhosted.org/packages/c9/55/c4d9bea8b3d7937901958f65124123512419ab0eb73695e5f382521abbfb/trio-0.29.0-py3-none-any.whl", hash = "sha256:d8c463f1a9cc776ff63e331aba44c125f423a5a13c684307e828d930e625ba66", size = 492920 },
]

[[package]]
name = "trio-websocket"
version = "0.12.2"
source = { registry = "https://pypi.org/simple" }
dependencies = [
    { name = "outcome" },
    { name = "trio" },
    { name = "wsproto" },
]
sdist = { url = "https://files.pythonhosted.org/packages/d1/3c/8b4358e81f2f2cfe71b66a267f023a91db20a817b9425dd964873796980a/trio_websocket-0.12.2.tar.gz", hash = "sha256:22c72c436f3d1e264d0910a3951934798dcc5b00ae56fc4ee079d46c7cf20fae", size = 33549 }
wheels = [
    { url = "https://files.pythonhosted.org/packages/c7/19/eb640a397bba49ba49ef9dbe2e7e5c04202ba045b6ce2ec36e9cadc51e04/trio_websocket-0.12.2-py3-none-any.whl", hash = "sha256:df605665f1db533f4a386c94525870851096a223adcb97f72a07e8b4beba45b6", size = 21221 },
]

[[package]]
name = "typing-extensions"
version = "4.12.2"
source = { registry = "https://pypi.org/simple" }
sdist = { url = "https://files.pythonhosted.org/packages/df/db/f35a00659bc03fec321ba8bce9420de607a1d37f8342eee1863174c69557/typing_extensions-4.12.2.tar.gz", hash = "sha256:1a7ead55c7e559dd4dee8856e3a88b41225abfe1ce8df57b7c13915fe121ffb8", size = 85321 }
wheels = [
    { url = "https://files.pythonhosted.org/packages/26/9f/ad63fc0248c5379346306f8668cda6e2e2e9c95e01216d2b8ffd9ff037d0/typing_extensions-4.12.2-py3-none-any.whl", hash = "sha256:04e5ca0351e0f3f85c6853954072df659d0d13fac324d0072316b67d7794700d", size = 37438 },
]

[[package]]
name = "urllib3"
version = "2.3.0"
source = { registry = "https://pypi.org/simple" }
sdist = { url = "https://files.pythonhosted.org/packages/aa/63/e53da845320b757bf29ef6a9062f5c669fe997973f966045cb019c3f4b66/urllib3-2.3.0.tar.gz", hash = "sha256:f8c5449b3cf0861679ce7e0503c7b44b5ec981bec0d1d3795a07f1ba96f0204d", size = 307268 }
wheels = [
    { url = "https://files.pythonhosted.org/packages/c8/19/4ec628951a74043532ca2cf5d97b7b14863931476d117c471e8e2b1eb39f/urllib3-2.3.0-py3-none-any.whl", hash = "sha256:1cee9ad369867bfdbbb48b7dd50374c0967a0bb7710050facf0dd6911440e3df", size = 128369 },
]

[package.optional-dependencies]
socks = [
    { name = "pysocks" },
]

[[package]]
name = "websocket-client"
version = "1.8.0"
source = { registry = "https://pypi.org/simple" }
sdist = { url = "https://files.pythonhosted.org/packages/e6/30/fba0d96b4b5fbf5948ed3f4681f7da2f9f64512e1d303f94b4cc174c24a5/websocket_client-1.8.0.tar.gz", hash = "sha256:3239df9f44da632f96012472805d40a23281a991027ce11d2f45a6f24ac4c3da", size = 54648 }
wheels = [
    { url = "https://files.pythonhosted.org/packages/5a/84/44687a29792a70e111c5c477230a72c4b957d88d16141199bf9acb7537a3/websocket_client-1.8.0-py3-none-any.whl", hash = "sha256:17b44cc997f5c498e809b22cdf2d9c7a9e71c02c8cc2b6c56e7c2d1239bfa526", size = 58826 },
]

[[package]]
name = "wsproto"
version = "1.2.0"
source = { registry = "https://pypi.org/simple" }
dependencies = [
    { name = "h11" },
]
sdist = { url = "https://files.pythonhosted.org/packages/c9/4a/44d3c295350d776427904d73c189e10aeae66d7f555bb2feee16d1e4ba5a/wsproto-1.2.0.tar.gz", hash = "sha256:ad565f26ecb92588a3e43bc3d96164de84cd9902482b130d0ddbaa9664a85065", size = 53425 }
wheels = [
    { url = "https://files.pythonhosted.org/packages/78/58/e860788190eba3bcce367f74d29c4675466ce8dddfba85f7827588416f01/wsproto-1.2.0-py3-none-any.whl", hash = "sha256:b9acddd652b585d75b20477888c56642fdade28bdfd3579aa24a4d2c037dd736", size = 24226 },
]
